{
  "name": "cyqs-xcx",
  "lockfileVersion": 2,
  "requires": true,
  "packages": {
    "": {
      "dependencies": {
        "high-precision-four-fundamental-rules": "^1.2.3",
        "normalize.css": "^8.0.1"
      }
    },
    "node_modules/high-precision-four-fundamental-rules": {
      "version": "1.2.3",
      "resolved": "https://registry.npmjs.org/high-precision-four-fundamental-rules/-/high-precision-four-fundamental-rules-1.2.3.tgz",
      "integrity": "sha512-PpMMR9SYlr+3HRbX56iaaSSCJsLPtKtWRNbMi1oaHMw9LzNXWQw4IDGxnoxY31D7xOs+ZKf/GKP1P5bM77K2Ug=="
    },
    "node_modules/normalize.css": {
      "version": "8.0.1",
      "resolved": "https://registry.npmjs.org/normalize.css/-/normalize.css-8.0.1.tgz",
      "integrity": "sha512-qizSNPO93t1YUuUhP22btGOo3chcvDFqFaj2TRybP0DMxkHOCTYwp3n34fel4a31ORXy4m1Xq0Gyqpb5m33qIg=="
    }
  },
  "dependencies": {
    "high-precision-four-fundamental-rules": {
      "version": "1.2.3",
      "resolved": "https://registry.npmjs.org/high-precision-four-fundamental-rules/-/high-precision-four-fundamental-rules-1.2.3.tgz",
      "integrity": "sha512-PpMMR9SYlr+3HRbX56iaaSSCJsLPtKtWRNbMi1oaHMw9LzNXWQw4IDGxnoxY31D7xOs+ZKf/GKP1P5bM77K2Ug=="
    },
    "normalize.css": {
      "version": "8.0.1",
      "resolved": "https://registry.npmjs.org/normalize.css/-/normalize.css-8.0.1.tgz",
      "integrity": "sha512-qizSNPO93t1YUuUhP22btGOo3chcvDFqFaj2TRybP0DMxkHOCTYwp3n34fel4a31ORXy4m1Xq0Gyqpb5m33qIg=="
    }
  }
}
